// !$*UTF8*$!
{
	archiveVersion = 1;
	classes = {
	};
	objectVersion = 46;
	objects = {

/* Begin PBXBuildFile section */
		4D5AAC851ECD6D0900DF1599 /* main.m in Sources */ = {isa = PBXBuildFile; fileRef = 4D5AAC841ECD6D0900DF1599 /* main.m */; };
		4D5AAC881ECD6D0900DF1599 /* AppDelegate.m in Sources */ = {isa = PBXBuildFile; fileRef = 4D5AAC871ECD6D0900DF1599 /* AppDelegate.m */; };
		4D5AAC8B1ECD6D0900DF1599 /* SensorViewController.m in Sources */ = {isa = PBXBuildFile; fileRef = 4D5AAC8A1ECD6D0900DF1599 /* SensorViewController.m */; };
		4D5AAC901ECD6D0900DF1599 /* Assets.xcassets in Resources */ = {isa = PBXBuildFile; fileRef = 4D5AAC8F1ECD6D0900DF1599 /* Assets.xcassets */; };
		4D5AACA51ECD763900DF1599 /* BLESensorCentralManager.m in Sources */ = {isa = PBXBuildFile; fileRef = 4D5AAC9D1ECD763900DF1599 /* BLESensorCentralManager.m */; };
		4D5AACA61ECD763900DF1599 /* BLEPowerSensorPeripheral.m in Sources */ = {isa = PBXBuildFile; fileRef = 4D5AACA41ECD763900DF1599 /* BLEPowerSensorPeripheral.m */; };
		4D5AACAA1ECD7C8B00DF1599 /* CoreBluetooth.framework in Frameworks */ = {isa = PBXBuildFile; fileRef = 4D5AACA91ECD7C8B00DF1599 /* CoreBluetooth.framework */; };
		4D5AACAD1ECD7F1200DF1599 /* BleSensorConnectorUtil.m in Sources */ = {isa = PBXBuildFile; fileRef = 4D5AACAC1ECD7F1200DF1599 /* BleSensorConnectorUtil.m */; };
		4D5AACB01ECD8EB500DF1599 /* BLECSCSensorPeripheral.m in Sources */ = {isa = PBXBuildFile; fileRef = 4D5AACAF1ECD8EB500DF1599 /* BLECSCSensorPeripheral.m */; };
		4D5AACB31ECDAFB700DF1599 /* BLEHRSensorPeripheral.m in Sources */ = {isa = PBXBuildFile; fileRef = 4D5AACB21ECDAFB700DF1599 /* BLEHRSensorPeripheral.m */; };
		4DBAE7642019AF7D00EDD918 /* SelectListTableViewController.m in Sources */ = {isa = PBXBuildFile; fileRef = 4DBAE7622019AF7D00EDD918 /* SelectListTableViewController.m */; };
		4DBAE7652019AF7D00EDD918 /* SelectListTableViewController.xib in Resources */ = {isa = PBXBuildFile; fileRef = 4DBAE7632019AF7D00EDD918 /* SelectListTableViewController.xib */; };
/* End PBXBuildFile section */

/* Begin PBXFileReference section */
		4D5AAC801ECD6D0900DF1599 /* BleSensorConnector.app */ = {isa = PBXFileReference; explicitFileType = wrapper.application; includeInIndex = 0; path = BleSensorConnector.app; sourceTree = BUILT_PRODUCTS_DIR; };
		4D5AAC841ECD6D0900DF1599 /* main.m */ = {isa = PBXFileReference; lastKnownFileType = sourcecode.c.objc; path = main.m; sourceTree = "<group>"; };
		4D5AAC861ECD6D0900DF1599 /* AppDelegate.h */ = {isa = PBXFileReference; lastKnownFileType = sourcecode.c.h; path = AppDelegate.h; sourceTree = "<group>"; };
		4D5AAC871ECD6D0900DF1599 /* AppDelegate.m */ = {isa = PBXFileReference; lastKnownFileType = sourcecode.c.objc; path = AppDelegate.m; sourceTree = "<group>"; };
		4D5AAC891ECD6D0900DF1599 /* SensorViewController.h */ = {isa = PBXFileReference; lastKnownFileType = sourcecode.c.h; path = SensorViewController.h; sourceTree = "<group>"; };
		4D5AAC8A1ECD6D0900DF1599 /* SensorViewController.m */ = {isa = PBXFileReference; lastKnownFileType = sourcecode.c.objc; path = SensorViewController.m; sourceTree = "<group>"; };
		4D5AAC8F1ECD6D0900DF1599 /* Assets.xcassets */ = {isa = PBXFileReference; lastKnownFileType = folder.assetcatalog; path = Assets.xcassets; sourceTree = "<group>"; };
		4D5AAC941ECD6D0900DF1599 /* Info.plist */ = {isa = PBXFileReference; lastKnownFileType = text.plist.xml; path = Info.plist; sourceTree = "<group>"; };
		4D5AAC9C1ECD763900DF1599 /* BLESensorCentralManager.h */ = {isa = PBXFileReference; fileEncoding = 4; lastKnownFileType = sourcecode.c.h; path = BLESensorCentralManager.h; sourceTree = "<group>"; };
		4D5AAC9D1ECD763900DF1599 /* BLESensorCentralManager.m */ = {isa = PBXFileReference; fileEncoding = 4; lastKnownFileType = sourcecode.c.objc; path = BLESensorCentralManager.m; sourceTree = "<group>"; };
		4D5AACA31ECD763900DF1599 /* BLEPowerSensorPeripheral.h */ = {isa = PBXFileReference; fileEncoding = 4; lastKnownFileType = sourcecode.c.h; path = BLEPowerSensorPeripheral.h; sourceTree = "<group>"; };
		4D5AACA41ECD763900DF1599 /* BLEPowerSensorPeripheral.m */ = {isa = PBXFileReference; fileEncoding = 4; lastKnownFileType = sourcecode.c.objc; path = BLEPowerSensorPeripheral.m; sourceTree = "<group>"; };
		4D5AACA71ECD766D00DF1599 /* Definitions.h */ = {isa = PBXFileReference; lastKnownFileType = sourcecode.c.h; path = Definitions.h; sourceTree = "<group>"; };
		4D5AACA91ECD7C8B00DF1599 /* CoreBluetooth.framework */ = {isa = PBXFileReference; lastKnownFileType = wrapper.framework; name = CoreBluetooth.framework; path = System/Library/Frameworks/CoreBluetooth.framework; sourceTree = SDKROOT; };
		4D5AACAB1ECD7F1200DF1599 /* BleSensorConnectorUtil.h */ = {isa = PBXFileReference; fileEncoding = 4; lastKnownFileType = sourcecode.c.h; path = BleSensorConnectorUtil.h; sourceTree = "<group>"; };
		4D5AACAC1ECD7F1200DF1599 /* BleSensorConnectorUtil.m */ = {isa = PBXFileReference; fileEncoding = 4; lastKnownFileType = sourcecode.c.objc; path = BleSensorConnectorUtil.m; sourceTree = "<group>"; };
		4D5AACAE1ECD8EB500DF1599 /* BLECSCSensorPeripheral.h */ = {isa = PBXFileReference; fileEncoding = 4; lastKnownFileType = sourcecode.c.h; path = BLECSCSensorPeripheral.h; sourceTree = "<group>"; };
		4D5AACAF1ECD8EB500DF1599 /* BLECSCSensorPeripheral.m */ = {isa = PBXFileReference; fileEncoding = 4; lastKnownFileType = sourcecode.c.objc; path = BLECSCSensorPeripheral.m; sourceTree = "<group>"; };
		4D5AACB11ECDAFB700DF1599 /* BLEHRSensorPeripheral.h */ = {isa = PBXFileReference; fileEncoding = 4; lastKnownFileType = sourcecode.c.h; path = BLEHRSensorPeripheral.h; sourceTree = "<group>"; };
		4D5AACB21ECDAFB700DF1599 /* BLEHRSensorPeripheral.m */ = {isa = PBXFileReference; fileEncoding = 4; lastKnownFileType = sourcecode.c.objc; path = BLEHRSensorPeripheral.m; sourceTree = "<group>"; };
		4DBAE7612019AF7D00EDD918 /* SelectListTableViewController.h */ = {isa = PBXFileReference; lastKnownFileType = sourcecode.c.h; path = SelectListTableViewController.h; sourceTree = "<group>"; };
		4DBAE7622019AF7D00EDD918 /* SelectListTableViewController.m */ = {isa = PBXFileReference; lastKnownFileType = sourcecode.c.objc; path = SelectListTableViewController.m; sourceTree = "<group>"; };
		4DBAE7632019AF7D00EDD918 /* SelectListTableViewController.xib */ = {isa = PBXFileReference; lastKnownFileType = file.xib; path = SelectListTableViewController.xib; sourceTree = "<group>"; };
/* End PBXFileReference section */

/* Begin PBXFrameworksBuildPhase section */
		4D5AAC7D1ECD6D0900DF1599 /* Frameworks */ = {
			isa = PBXFrameworksBuildPhase;
			buildActionMask = 2147483647;
			files = (
				4D5AACAA1ECD7C8B00DF1599 /* CoreBluetooth.framework in Frameworks */,
			);
			runOnlyForDeploymentPostprocessing = 0;
		};
/* End PBXFrameworksBuildPhase section */

/* Begin PBXGroup section */
		4D5AAC771ECD6D0900DF1599 = {
			isa = PBXGroup;
			children = (
				4D5AAC821ECD6D0900DF1599 /* BleSensorConnector */,
				4D5AAC811ECD6D0900DF1599 /* Products */,
				4D5AACA81ECD7C8A00DF1599 /* Frameworks */,
			);
			sourceTree = "<group>";
		};
		4D5AAC811ECD6D0900DF1599 /* Products */ = {
			isa = PBXGroup;
			children = (
				4D5AAC801ECD6D0900DF1599 /* BleSensorConnector.app */,
			);
			name = Products;
			sourceTree = "<group>";
		};
		4D5AAC821ECD6D0900DF1599 /* BleSensorConnector */ = {
			isa = PBXGroup;
			children = (
				4DBAE75320199C6C00EDD918 /* Manager */,
				4DBAE75220199C5300EDD918 /* ViewController */,
				4D5AAC9E1ECD763900DF1599 /* Common */,
				4D5AACA01ECD763900DF1599 /* CRC */,
				4D5AACA11ECD763900DF1599 /* HR */,
				4D5AACA21ECD763900DF1599 /* Power */,
				4D5AAC861ECD6D0900DF1599 /* AppDelegate.h */,
				4D5AAC871ECD6D0900DF1599 /* AppDelegate.m */,
				4D5AAC8F1ECD6D0900DF1599 /* Assets.xcassets */,
				4D5AAC941ECD6D0900DF1599 /* Info.plist */,
				4D5AAC831ECD6D0900DF1599 /* Supporting Files */,
			);
			path = BleSensorConnector;
			sourceTree = "<group>";
		};
		4D5AAC831ECD6D0900DF1599 /* Supporting Files */ = {
			isa = PBXGroup;
			children = (
				4D5AAC841ECD6D0900DF1599 /* main.m */,
			);
			name = "Supporting Files";
			sourceTree = "<group>";
		};
		4D5AAC9E1ECD763900DF1599 /* Common */ = {
			isa = PBXGroup;
			children = (
				4D5AACA71ECD766D00DF1599 /* Definitions.h */,
				4D5AACAB1ECD7F1200DF1599 /* BleSensorConnectorUtil.h */,
				4D5AACAC1ECD7F1200DF1599 /* BleSensorConnectorUtil.m */,
			);
			name = Common;
			path = Classes/Common;
			sourceTree = "<group>";
		};
		4D5AACA01ECD763900DF1599 /* CRC */ = {
			isa = PBXGroup;
			children = (
				4D5AACAE1ECD8EB500DF1599 /* BLECSCSensorPeripheral.h */,
				4D5AACAF1ECD8EB500DF1599 /* BLECSCSensorPeripheral.m */,
			);
			name = CRC;
			path = Classes/CRC;
			sourceTree = "<group>";
		};
		4D5AACA11ECD763900DF1599 /* HR */ = {
			isa = PBXGroup;
			children = (
				4D5AACB11ECDAFB700DF1599 /* BLEHRSensorPeripheral.h */,
				4D5AACB21ECDAFB700DF1599 /* BLEHRSensorPeripheral.m */,
			);
			name = HR;
			path = Classes/HR;
			sourceTree = "<group>";
		};
		4D5AACA21ECD763900DF1599 /* Power */ = {
			isa = PBXGroup;
			children = (
				4D5AACA31ECD763900DF1599 /* BLEPowerSensorPeripheral.h */,
				4D5AACA41ECD763900DF1599 /* BLEPowerSensorPeripheral.m */,
			);
			name = Power;
			path = Classes/Power;
			sourceTree = "<group>";
		};
		4D5AACA81ECD7C8A00DF1599 /* Frameworks */ = {
			isa = PBXGroup;
			children = (
				4D5AACA91ECD7C8B00DF1599 /* CoreBluetooth.framework */,
			);
			name = Frameworks;
			sourceTree = "<group>";
		};
		4DBAE75220199C5300EDD918 /* ViewController */ = {
			isa = PBXGroup;
			children = (
				4DBAE75A20199CC700EDD918 /* Beacon */,
				4DBAE75920199CB500EDD918 /* Sensor */,
				4DBAE7612019AF7D00EDD918 /* SelectListTableViewController.h */,
				4DBAE7622019AF7D00EDD918 /* SelectListTableViewController.m */,
				4DBAE7632019AF7D00EDD918 /* SelectListTableViewController.xib */,
			);
			path = ViewController;
			sourceTree = "<group>";
		};
		4DBAE75320199C6C00EDD918 /* Manager */ = {
			isa = PBXGroup;
			children = (
				4D5AAC9C1ECD763900DF1599 /* BLESensorCentralManager.h */,
				4D5AAC9D1ECD763900DF1599 /* BLESensorCentralManager.m */,
			);
			path = Manager;
			sourceTree = "<group>";
		};
		4DBAE75920199CB500EDD918 /* Sensor */ = {
			isa = PBXGroup;
			children = (
				4D5AAC891ECD6D0900DF1599 /* SensorViewController.h */,
				4D5AAC8A1ECD6D0900DF1599 /* SensorViewController.m */,
			);
			path = Sensor;
			sourceTree = "<group>";
		};
		4DBAE75A20199CC700EDD918 /* Beacon */ = {
			isa = PBXGroup;
			children = (
			);
			path = Beacon;
			sourceTree = "<group>";
		};
/* End PBXGroup section */

/* Begin PBXNativeTarget section */
		4D5AAC7F1ECD6D0900DF1599 /* BleSensorConnector */ = {
			isa = PBXNativeTarget;
			buildConfigurationList = 4D5AAC971ECD6D0900DF1599 /* Build configuration list for PBXNativeTarget "BleSensorConnector" */;
			buildPhases = (
				4D5AAC7C1ECD6D0900DF1599 /* Sources */,
				4D5AAC7D1ECD6D0900DF1599 /* Frameworks */,
				4D5AAC7E1ECD6D0900DF1599 /* Resources */,
			);
			buildRules = (
			);
			dependencies = (
			);
			name = BleSensorConnector;
			productName = BleSensorConnector;
			productReference = 4D5AAC801ECD6D0900DF1599 /* BleSensorConnector.app */;
			productType = "com.apple.product-type.application";
		};
/* End PBXNativeTarget section */

/* Begin PBXProject section */
		4D5AAC781ECD6D0900DF1599 /* Project object */ = {
			isa = PBXProject;
			attributes = {
				LastUpgradeCheck = 0830;
				ORGANIZATIONNAME = MarkCJ;
				TargetAttributes = {
					4D5AAC7F1ECD6D0900DF1599 = {
						CreatedOnToolsVersion = 8.3.2;
						ProvisioningStyle = Manual;
					};
				};
			};
			buildConfigurationList = 4D5AAC7B1ECD6D0900DF1599 /* Build configuration list for PBXProject "BleSensorConnector" */;
			compatibilityVersion = "Xcode 3.2";
			developmentRegion = English;
			hasScannedForEncodings = 0;
			knownRegions = (
				en,
				Base,
			);
			mainGroup = 4D5AAC771ECD6D0900DF1599;
			productRefGroup = 4D5AAC811ECD6D0900DF1599 /* Products */;
			projectDirPath = "";
			projectRoot = "";
			targets = (
				4D5AAC7F1ECD6D0900DF1599 /* BleSensorConnector */,
			);
		};
/* End PBXProject section */

/* Begin PBXResourcesBuildPhase section */
		4D5AAC7E1ECD6D0900DF1599 /* Resources */ = {
			isa = PBXResourcesBuildPhase;
			buildActionMask = 2147483647;
			files = (
				4D5AAC901ECD6D0900DF1599 /* Assets.xcassets in Resources */,
				4DBAE7652019AF7D00EDD918 /* SelectListTableViewController.xib in Resources */,
			);
			runOnlyForDeploymentPostprocessing = 0;
		};
/* End PBXResourcesBuildPhase section */

/* Begin PBXSourcesBuildPhase section */
		4D5AAC7C1ECD6D0900DF1599 /* Sources */ = {
			isa = PBXSourcesBuildPhase;
			buildActionMask = 2147483647;
			files = (
				4D5AAC8B1ECD6D0900DF1599 /* SensorViewController.m in Sources */,
				4D5AACA61ECD763900DF1599 /* BLEPowerSensorPeripheral.m in Sources */,
				4DBAE7642019AF7D00EDD918 /* SelectListTableViewController.m in Sources */,
				4D5AAC881ECD6D0900DF1599 /* AppDelegate.m in Sources */,
				4D5AACB01ECD8EB500DF1599 /* BLECSCSensorPeripheral.m in Sources */,
				4D5AACA51ECD763900DF1599 /* BLESensorCentralManager.m in Sources */,
				4D5AACB31ECDAFB700DF1599 /* BLEHRSensorPeripheral.m in Sources */,
				4D5AAC851ECD6D0900DF1599 /* main.m in Sources */,
				4D5AACAD1ECD7F1200DF1599 /* BleSensorConnectorUtil.m in Sources */,
			);
			runOnlyForDeploymentPostprocessing = 0;
		};
/* End PBXSourcesBuildPhase section */

/* Begin XCBuildConfiguration section */
		4D5AAC951ECD6D0900DF1599 /* Debug */ = {
			isa = XCBuildConfiguration;
			buildSettings = {
				ALWAYS_SEARCH_USER_PATHS = NO;
				CLANG_ANALYZER_NONNULL = YES;
				CLANG_ANALYZER_NUMBER_OBJECT_CONVERSION = YES_AGGRESSIVE;
				CLANG_CXX_LANGUAGE_STANDARD = "gnu++0x";
				CLANG_CXX_LIBRARY = "libc++";
				CLANG_ENABLE_MODULES = YES;
				CLANG_ENABLE_OBJC_ARC = YES;
				CLANG_WARN_BOOL_CONVERSION = YES;
				CLANG_WARN_CONSTANT_CONVERSION = YES;
				CLANG_WARN_DIRECT_OBJC_ISA_USAGE = YES_ERROR;
				CLANG_WARN_DOCUMENTATION_COMMENTS = YES;
				CLANG_WARN_EMPTY_BODY = YES;
				CLANG_WARN_ENUM_CONVERSION = YES;
				CLANG_WARN_INFINITE_RECURSION = YES;
				CLANG_WARN_INT_CONVERSION = YES;
				CLANG_WARN_OBJC_ROOT_CLASS = YES_ERROR;
				CLANG_WARN_SUSPICIOUS_MOVE = YES;
				CLANG_WARN_UNREACHABLE_CODE = YES;
				CLANG_WARN__DUPLICATE_METHOD_MATCH = YES;
				"CODE_SIGN_IDENTITY[sdk=iphoneos*]" = "iPhone Developer";
				COPY_PHASE_STRIP = NO;
				DEBUG_INFORMATION_FORMAT = dwarf;
				ENABLE_STRICT_OBJC_MSGSEND = YES;
				ENABLE_TESTABILITY = YES;
				GCC_C_LANGUAGE_STANDARD = gnu99;
				GCC_DYNAMIC_NO_PIC = NO;
				GCC_NO_COMMON_BLOCKS = YES;
				GCC_OPTIMIZATION_LEVEL = 0;
				GCC_PREPROCESSOR_DEFINITIONS = (
					"DEBUG=1",
					"$(inherited)",
				);
				GCC_WARN_64_TO_32_BIT_CONVERSION = YES;
				GCC_WARN_ABOUT_RETURN_TYPE = YES_ERROR;
				GCC_WARN_UNDECLARED_SELECTOR = YES;
				GCC_WARN_UNINITIALIZED_AUTOS = YES_AGGRESSIVE;
				GCC_WARN_UNUSED_FUNCTION = YES;
				GCC_WARN_UNUSED_VARIABLE = YES;
				IPHONEOS_DEPLOYMENT_TARGET = 9.0;
				MTL_ENABLE_DEBUG_INFO = YES;
				ONLY_ACTIVE_ARCH = YES;
				SDKROOT = iphoneos;
			};
			name = Debug;
		};
		4D5AAC961ECD6D0900DF1599 /* Release */ = {
			isa = XCBuildConfiguration;
			buildSettings = {
				ALWAYS_SEARCH_USER_PATHS = NO;
				CLANG_ANALYZER_NONNULL = YES;
				CLANG_ANALYZER_NUMBER_OBJECT_CONVERSION = YES_AGGRESSIVE;
				CLANG_CXX_LANGUAGE_STANDARD = "gnu++0x";
				CLANG_CXX_LIBRARY = "libc++";
				CLANG_ENABLE_MODULES = YES;
				CLANG_ENABLE_OBJC_ARC = YES;
				CLANG_WARN_BOOL_CONVERSION = YES;
				CLANG_WARN_CONSTANT_CONVERSION = YES;
				CLANG_WARN_DIRECT_OBJC_ISA_USAGE = YES_ERROR;
				CLANG_WARN_DOCUMENTATION_COMMENTS = YES;
				CLANG_WARN_EMPTY_BODY = YES;
				CLANG_WARN_ENUM_CONVERSION = YES;
				CLANG_WARN_INFINITE_RECURSION = YES;
				CLANG_WARN_INT_CONVERSION = YES;
				CLANG_WARN_OBJC_ROOT_CLASS = YES_ERROR;
				CLANG_WARN_SUSPICIOUS_MOVE = YES;
				CLANG_WARN_UNREACHABLE_CODE = YES;
				CLANG_WARN__DUPLICATE_METHOD_MATCH = YES;
				"CODE_SIGN_IDENTITY[sdk=iphoneos*]" = "iPhone Developer";
				COPY_PHASE_STRIP = NO;
				DEBUG_INFORMATION_FORMAT = "dwarf-with-dsym";
				ENABLE_NS_ASSERTIONS = NO;
				ENABLE_STRICT_OBJC_MSGSEND = YES;
				GCC_C_LANGUAGE_STANDARD = gnu99;
				GCC_NO_COMMON_BLOCKS = YES;
				GCC_WARN_64_TO_32_BIT_CONVERSION = YES;
				GCC_WARN_ABOUT_RETURN_TYPE = YES_ERROR;
				GCC_WARN_UNDECLARED_SELECTOR = YES;
				GCC_WARN_UNINITIALIZED_AUTOS = YES_AGGRESSIVE;
				GCC_WARN_UNUSED_FUNCTION = YES;
				GCC_WARN_UNUSED_VARIABLE = YES;
				IPHONEOS_DEPLOYMENT_TARGET = 9.0;
				MTL_ENABLE_DEBUG_INFO = NO;
				SDKROOT = iphoneos;
				VALIDATE_PRODUCT = YES;
			};
			name = Release;
		};
		4D5AAC981ECD6D0900DF1599 /* Debug */ = {
			isa = XCBuildConfiguration;
			buildSettings = {
				ASSETCATALOG_COMPILER_APPICON_NAME = AppIcon;
				"CODE_SIGN_IDENTITY[sdk=iphoneos*]" = "iPhone Developer";
				CODE_SIGN_STYLE = Manual;
				DEVELOPMENT_TEAM = "";
				INFOPLIST_FILE = BleSensorConnector/Info.plist;
				IPHONEOS_DEPLOYMENT_TARGET = 9.0;
				LD_RUNPATH_SEARCH_PATHS = "$(inherited) @executable_path/Frameworks";
				PRODUCT_BUNDLE_IDENTIFIER = com.mark.BleToolBox;
				PRODUCT_NAME = "$(TARGET_NAME)";
				PROVISIONING_PROFILE_SPECIFIER = "";
			};
			name = Debug;
		};
		4D5AAC991ECD6D0900DF1599 /* Release */ = {
			isa = XCBuildConfiguration;
			buildSettings = {
				ASSETCATALOG_COMPILER_APPICON_NAME = AppIcon;
				"CODE_SIGN_IDENTITY[sdk=iphoneos*]" = "iPhone Developer";
				CODE_SIGN_STYLE = Manual;
				DEVELOPMENT_TEAM = "";
				INFOPLIST_FILE = BleSensorConnector/Info.plist;
				IPHONEOS_DEPLOYMENT_TARGET = 9.0;
				LD_RUNPATH_SEARCH_PATHS = "$(inherited) @executable_path/Frameworks";
				PRODUCT_BUNDLE_IDENTIFIER = com.mark.BleToolBox;
				PRODUCT_NAME = "$(TARGET_NAME)";
				PROVISIONING_PROFILE_SPECIFIER = "";
			};
			name = Release;
		};
/* End XCBuildConfiguration section */

/* Begin XCConfigurationList section */
		4D5AAC7B1ECD6D0900DF1599 /* Build configuration list for PBXProject "BleSensorConnector" */ = {
			isa = XCConfigurationList;
			buildConfigurations = (
				4D5AAC951ECD6D0900DF1599 /* Debug */,
				4D5AAC961ECD6D0900DF1599 /* Release */,
			);
			defaultConfigurationIsVisible = 0;
			defaultConfigurationName = Release;
		};
		4D5AAC971ECD6D0900DF1599 /* Build configuration list for PBXNativeTarget "BleSensorConnector" */ = {
			isa = XCConfigurationList;
			buildConfigurations = (
				4D5AAC981ECD6D0900DF1599 /* Debug */,
				4D5AAC991ECD6D0900DF1599 /* Release */,
			);
			defaultConfigurationIsVisible = 0;
			defaultConfigurationName = Release;
		};
/* End XCConfigurationList section */
	};
	rootObject = 4D5AAC781ECD6D0900DF1599 /* Project object */;
}
